# THIS IS AN AUTOGENERATED FILE. DO NOT EDIT THIS FILE DIRECTLY.
# yarn lockfile v1


"@azu/format-text@^1.0.1", "@azu/format-text@^1.0.2":
  version "1.0.2"
  resolved "https://registry.yarnpkg.com/@azu/format-text/-/format-text-1.0.2.tgz#abd46dab2422e312bd1bfe36f0d427ab6039825d"
  integrity sha512-Swi4N7Edy1Eqq82GxgEECXSSLyn6GOb5htRFPzBDdUkECGXtlf12ynO5oJSpWKPwCaUssOu7NfhDcCWpIC6Ywg==

"@azu/style-format@^1.0.1":
  version "1.0.1"
  resolved "https://registry.yarnpkg.com/@azu/style-format/-/style-format-1.0.1.tgz#b3643af0c5fee9d53e69a97c835c404bdc80f792"
  integrity sha512-AHcTojlNBdD/3/KxIKlg8sxIWHfOtQszLvOpagLTO+bjC3u7SAszu1lf//u7JJC50aUSH+BVWDD/KvaA6Gfn5g==
  dependencies:
    "@azu/format-text" "^1.0.1"

"@babel/code-frame@^7.26.2":
  version "7.27.1"
  resolved "https://registry.yarnpkg.com/@babel/code-frame/-/code-frame-7.27.1.tgz#200f715e66d52a23b221a9435534a91cc13ad5be"
  integrity sha512-cjQ7ZlQ0Mv3b47hABuTevyTuYN4i+loJKGeV9flcCgIK37cCXRh+L1bd3iBHlynerhQ7BhCkn2BPbQUL+rGqFg==
  dependencies:
    "@babel/helper-validator-identifier" "^7.27.1"
    js-tokens "^4.0.0"
    picocolors "^1.1.1"

"@babel/helper-validator-identifier@^7.27.1":
  version "7.28.5"
  resolved "https://registry.yarnpkg.com/@babel/helper-validator-identifier/-/helper-validator-identifier-7.28.5.tgz#010b6938fab7cb7df74aa2bbc06aa503b8fe5fb4"
  integrity sha512-qSs4ifwzKJSV39ucNjsvc6WVHs6b7S03sOh2OcHF9UHfVPqWWALUsNUVzhSBiItjRZoLHx7nIarVjqKVusUZ1Q==

"@johnnymorganz/stylua-bin-darwin-arm64@2.5.2":
  version "2.5.2"
  resolved "https://registry.yarnpkg.com/@johnnymorganz/stylua-bin-darwin-arm64/-/stylua-bin-darwin-arm64-2.5.2.tgz#7b7cd2a2a65e49e2ca702597df60e7b514090d4e"
  integrity sha512-aoUX8+aG7x/hXSYMEkpH7YEvQ9AK/V/qY5SUBOqK4g5iBK9hjfOrFqYWRYo14BG+9QEEeKv0SY5iUviMUpyn0g==

"@johnnymorganz/stylua-bin-darwin-x64@2.5.2":
  version "2.5.2"
  resolved "https://registry.yarnpkg.com/@johnnymorganz/stylua-bin-darwin-x64/-/stylua-bin-darwin-x64-2.5.2.tgz#20f0136515950cf916d4ab142e851577e1dd0874"
  integrity sha512-TP+TweORn5qs2NIn1ejTQ5vVDmCwch43WgCnfqIbdSx/txvlr3bVbWO5NeiEzdI2XO6gDFzFi9X6FIK1UNS7qQ==

"@johnnymorganz/stylua-bin-linux-arm64@2.5.2":
  version "2.5.2"
  resolved "https://registry.yarnpkg.com/@johnnymorganz/stylua-bin-linux-arm64/-/stylua-bin-linux-arm64-2.5.2.tgz#bbb48cf632503927b3c51f76ddb6551504d29ef7"
  integrity sha512-zffjBoMQpzP1AnnhVrg1k/8zNrI9VTKQ/hie/baD3y5mgOHe4/YJ33uo0dZeI+uZAu5gdanmvM5fQtPxnGc6xQ==

"@johnnymorganz/stylua-bin-linux-x64@2.5.2":
  version "2.5.2"
  resolved "https://registry.yarnpkg.com/@johnnymorganz/stylua-bin-linux-x64/-/stylua-bin-linux-x64-2.5.2.tgz#ccbeb88d002b9f8772932412fad9c1be6fb7963f"
  integrity sha512-5NfzgN3lnlgmFcPCmhlyHr7y3Ro6wmPNBYzjVFLJKqJtwMPgSgKKzfT93s2rkX/QZKIlZelLtQ7eHVDmULegSg==

"@johnnymorganz/stylua-bin-win32-x64@2.5.2":
  version "2.5.2"
  resolved "https://registry.yarnpkg.com/@johnnymorganz/stylua-bin-win32-x64/-/stylua-bin-win32-x64-2.5.2.tgz#2bc6e5ffa908f73ae24affb462d00751a9cb3a42"
  integrity sha512-wasLSN1Z9O0t6v6km/7cnBqtJe1oUX+Mgojba56hveR67i2F97bETu2GroSeCNuuCdXxUXIbZ+tf9b8CVyF1pA==

"@johnnymorganz/stylua-bin@^2.5.2":
  version "2.5.2"
  resolved "https://registry.yarnpkg.com/@johnnymorganz/stylua-bin/-/stylua-bin-2.5.2.tgz#73b3d8cf062f628e6ddde6c49af1c2cc6a9da659"
  integrity sha512-9VXOyPCoyajvLOZMiEGigNovEYI7PaAXB065Mc2iiU/vOmAxb+GpbGpCPjLq1jIy8VNU+4Esh50EmLc0SMfziw==
  optionalDependencies:
    "@johnnymorganz/stylua-bin-darwin-arm64" "2.5.2"
    "@johnnymorganz/stylua-bin-darwin-x64" "2.5.2"
    "@johnnymorganz/stylua-bin-linux-arm64" "2.5.2"
    "@johnnymorganz/stylua-bin-linux-x64" "2.5.2"
    "@johnnymorganz/stylua-bin-win32-x64" "2.5.2"

"@secretlint/config-creator@13.0.4":
  version "13.0.4"
  resolved "https://registry.yarnpkg.com/@secretlint/config-creator/-/config-creator-13.0.4.tgz#092c643c2cd41f6158794837d311044566b972a4"
  integrity sha512-rSYBD36alOtDch10H2fOgiCVMyOrn4IfzICnoBg6IeValIESj7iz22GVC8hEbm3WLBwKVBZ3RjK2SYOteh7Bkw==
  dependencies:
    "@secretlint/types" "13.0.4"

"@secretlint/config-loader@13.0.4":
  version "13.0.4"
  resolved "https://registry.yarnpkg.com/@secretlint/config-loader/-/config-loader-13.0.4.tgz#5923e3727c79804b7e71451ec74f367d357cb04d"
  integrity sha512-K6jq7IDqlGdOWKqfiFiKSiWmMHryAIwnFs84u5A5rjWVvrkrHYjNqNRyk6iO7hXM/7cXkxO8Mm8zb77hF1HT1A==
  dependencies:
    "@secretlint/profiler" "13.0.4"
    "@secretlint/resolver" "13.0.4"
    "@secretlint/types" "13.0.4"
    ajv "^8.20.0"
    debug "^4.4.3"
    rc-config-loader "^4.1.4"

"@secretlint/core@13.0.4":
  version "13.0.4"
  resolved "https://registry.yarnpkg.com/@secretlint/core/-/core-13.0.4.tgz#67622002783a4dd9e01838de17800c38647e0244"
  integrity sha512-Wv49KcI5XX6xjLR1wxyjORA15PtMb5ar/M27ShimVudaSi6iAM04QCA5Ozx+uEahfHNefUUKbjKGpy/9pxuW7g==
  dependencies:
    "@secretlint/profiler" "13.0.4"
    "@secretlint/types" "13.0.4"
    debug "^4.4.3"
    structured-source "^4.0.0"

"@secretlint/formatter@13.0.4":
  version "13.0.4"
  resolved "https://registry.yarnpkg.com/@secretlint/formatter/-/formatter-13.0.4.tgz#288e615e58353f208260be288f22edeabfb3f58f"
  integrity sha512-si7tXQeOIMh/Wqu7lhXnutbnMheGXWGVivbQPhoUR9eMJwT32gTII7Bh3t30zPsUop+SGr/SIc+bPmKehPKb9g==
  dependencies:
    "@secretlint/resolver" "13.0.4"
    "@secretlint/types" "13.0.4"
    "@textlint/linter-formatter" "^15.7.0"
    "@textlint/module-interop" "^15.7.0"
    "@textlint/types" "^15.7.0"
    chalk "^5.6.2"
    debug "^4.4.3"
    pluralize "^8.0.0"
    strip-ansi "^7.2.0"
    table "^6.9.0"
    terminal-link "^5.0.0"

"@secretlint/node@13.0.4":
  version "13.0.4"
  resolved "https://registry.yarnpkg.com/@secretlint/node/-/node-13.0.4.tgz#0360bea51428a05e2fa641a9b07958c1a685f24f"
  integrity sha512-4HmD9yfA9etThrxhDbyTMBaHj556uKxrS+tOBIkP5AAnB6sXk4mmA9fjKDTrk8dkrpg7S/g2Uds3AKb+yeUNnA==
  dependencies:
    "@secretlint/config-loader" "13.0.4"
    "@secretlint/core" "13.0.4"
    "@secretlint/formatter" "13.0.4"
    "@secretlint/profiler" "13.0.4"
    "@secretlint/source-creator" "13.0.4"
    "@secretlint/types" "13.0.4"
    debug "^4.4.3"
    p-map "^7.0.5"

"@secretlint/profiler@13.0.4":
  version "13.0.4"
  resolved "https://registry.yarnpkg.com/@secretlint/profiler/-/profiler-13.0.4.tgz#0575dc8f94e8661cf5022f18089f99e8adb9df6a"
  integrity sha512-T2hSyZmJrQbGAe+Vl9AGNlMnoB0MP6m2BLh7EH80QcesvNM2t0pCzdiBvQ/yCe76w6/gZNpHlrSVayUeT43qVw==

"@secretlint/resolver@13.0.4":
  version "13.0.4"
  resolved "https://registry.yarnpkg.com/@secretlint/resolver/-/resolver-13.0.4.tgz#6e4ee7ea668dadb7ac2908b3a6637fde186c2e00"
  integrity sha512-+s4fRFctBlAbHu4H8lRLj/e6dyDIGpIM2QLAJWgaMJUn9bFxetjRBQEv/HD2U4ohpGHYURLMkDcnS3iZdSTmGg==

"@secretlint/source-creator@13.0.4":
  version "13.0.4"
  resolved "https://registry.yarnpkg.com/@secretlint/source-creator/-/source-creator-13.0.4.tgz#0b6427f6316483685cf89211c37605ff2db3229c"
  integrity sha512-YfVVY7GHbHV6CN/tLIf1BGiONVjX2fvmJyvCv2MhonUiWtLPVU4fnOQIrWMLFakeRJ/GVoV8FfqvPW3jnUHfVA==
  dependencies:
    "@secretlint/types" "13.0.4"
    istextorbinary "^9.5.0"

"@secretlint/types@13.0.4":
  version "13.0.4"
  resolved "https://registry.yarnpkg.com/@secretlint/types/-/types-13.0.4.tgz#eabdd461b15b99ad3a4c8b64265c62d402571294"
  integrity sha512-on/DivRDZEFzRD2pZJO0wkIL+AvEY+KOoZLPCWcz4pjZnJ4NzMuHQjvTJc9KY0yht+ugcYg9AmtOUzpEk31IWA==

"@secretlint/walker@13.0.4":
  version "13.0.4"
  resolved "https://registry.yarnpkg.com/@secretlint/walker/-/walker-13.0.4.tgz#00fd30b4917af4c467a4ef99c2f4cdcc3ee08ade"
  integrity sha512-ufAWro6oqdTkZYbMXHXlW56IAO+1YhKLwIDTqMYSzDna6bJdph2FXqm2IdnKTd4TNbdVficp1w7GoBm4JHxddA==
  dependencies:
    ignore "^7.0.6"
    picomatch "^4.0.5"

"@textlint/ast-node-types@15.7.1":
  version "15.7.1"
  resolved "https://registry.yarnpkg.com/@textlint/ast-node-types/-/ast-node-types-15.7.1.tgz#20f3f9111d735be70831be61ccb3e8d4420a8c71"
  integrity sha512-Wii5UgUKFEh9Uv6wbq1zr4/Kf+dtjiUuzPrrXzKp8H+ifkvKNzi23V4Nz+6wVyHQn5T28AFuc8VH8OtzvGYecA==

"@textlint/linter-formatter@^15.7.0":
  version "15.7.1"
  resolved "https://registry.yarnpkg.com/@textlint/linter-formatter/-/linter-formatter-15.7.1.tgz#6c3c12faf80328aab7879dc17c3dcb1bca18f6f5"
  integrity sha512-TdwZ/debWYFD05K3CcoHtwvnCrza29wZxD+BjDTk/V5N7iRqkK1dTTHSD4A8AIgROLiDkHJmIKQbasbmsg8AvA==
  dependencies:
    "@azu/format-text" "^1.0.2"
    "@azu/style-format" "^1.0.1"
    "@textlint/module-interop" "15.7.1"
    "@textlint/resolver" "15.7.1"
    "@textlint/types" "15.7.1"
    chalk "^4.1.2"
    debug "^4.4.3"
    js-yaml "^4.1.1"
    lodash "^4.18.1"
    pluralize "^2.0.0"
    string-width "^4.2.3"
    strip-ansi "^6.0.1"
    table "^6.9.0"
    text-table "^0.2.0"

"@textlint/module-interop@15.7.1", "@textlint/module-interop@^15.7.0":
  version "15.7.1"
  resolved "https://registry.yarnpkg.com/@textlint/module-interop/-/module-interop-15.7.1.tgz#55d85afdcb1c820ffdb50f91de353b20cf24f957"
  integrity sha512-Jg+sQW2L/cRJypk59wtcMUVVpt8vmit5ZMT3gUnFwevP3A6Qp1HfOtUy9ObT4hBX3lOSGT/ekcCDxR1pL7uH1g==

"@textlint/resolver@15.7.1":
  version "15.7.1"
  resolved "https://registry.yarnpkg.com/@textlint/resolver/-/resolver-15.7.1.tgz#858cbce78e3c3b66354b0eb1fec77bfa8f9ee5d9"
  integrity sha512-8XnO0pgF6mXnm41VvWmBbEIdGPhiCUt31uLZkOis1ECeg/1SoUcIT6Mx/F0e1rukq8l0UlOSeY9a31CsvRMK0g==

"@textlint/types@15.7.1", "@textlint/types@^15.7.0":
  version "15.7.1"
  resolved "https://registry.yarnpkg.com/@textlint/types/-/types-15.7.1.tgz#e1e433570dc76893499242974836d8c5fd7c1be2"
  integrity sha512-Vye/GmFNBTgVzZFtIFJTmLB+s2A7oIADxNG6r9UhfPuY+Czv0z5G3xeyFZZudPlfxURsKUyPIU5XsjOFqVp33A==
  dependencies:
    "@textlint/ast-node-types" "15.7.1"

"@types/normalize-package-data@^2.4.4":
  version "2.4.4"
  resolved "https://registry.yarnpkg.com/@types/normalize-package-data/-/normalize-package-data-2.4.4.tgz#56e2cc26c397c038fab0e3a917a12d5c5909e901"
  integrity sha512-37i+OaWTh9qeK4LSHPsyRC7NahnGotNuZvjLSgcPzblpHB3rrCJxAOgI5gCdKm7coonsaX1Of0ILiTcnZjbfxA==

ajv@^8.0.1:
  version "8.17.1"
  resolved "https://registry.yarnpkg.com/ajv/-/ajv-8.17.1.tgz#37d9a5c776af6bc92d7f4f9510eba4c0a60d11a6"
  integrity sha512-B/gBuNg5SiMTrPkC+A2+cW0RszwxYmn6VYxB/inlBStS5nx6xHIt/ehKRhIMhqusl7a8LjQoZnjCs5vhwxOQ1g==
  dependencies:
    fast-deep-equal "^3.1.3"
    fast-uri "^3.0.1"
    json-schema-traverse "^1.0.0"
    require-from-string "^2.0.2"

ajv@^8.20.0:
  version "8.20.0"
  resolved "https://registry.yarnpkg.com/ajv/-/ajv-8.20.0.tgz#304b3636add88ba7d936760dd50ece006dea95f9"
  integrity sha512-Thbli+OlOj+iMPYFBVBfJ3OmCAnaSyNn4M1vz9T6Gka5Jt9ba/HIR56joy65tY6kx/FCF5VXNB819Y7/GUrBGA==
  dependencies:
    fast-deep-equal "^3.1.3"
    fast-uri "^3.0.1"
    json-schema-traverse "^1.0.0"
    require-from-string "^2.0.2"

ansi-escapes@^7.0.0:
  version "7.2.0"
  resolved "https://registry.yarnpkg.com/ansi-escapes/-/ansi-escapes-7.2.0.tgz#31b25afa3edd3efc09d98c2fee831d460ff06b49"
  integrity sha512-g6LhBsl+GBPRWGWsBtutpzBYuIIdBkLEvad5C/va/74Db018+5TZiyA26cZJAr3Rft5lprVqOIPxf5Vid6tqAw==
  dependencies:
    environment "^1.0.0"

ansi-regex@^5.0.1:
  version "5.0.1"
  resolved "https://registry.yarnpkg.com/ansi-regex/-/ansi-regex-5.0.1.tgz#082cb2c89c9fe8659a311a53bd6a4dc5301db304"
  integrity sha512-quJQXlTSUGL2LH9SUXo8VwsY4soanhgo6LNSm84E1LBcE8s3O0wpdiRzyR9z/ZZJMlMWv37qOOb9pdJlMUEKFQ==

ansi-regex@^6.2.2:
  version "6.2.2"
  resolved "https://registry.yarnpkg.com/ansi-regex/-/ansi-regex-6.2.2.tgz#60216eea464d864597ce2832000738a0589650c1"
  integrity sha512-Bq3SmSpyFHaWjPk8If9yc6svM8c56dB5BAtW4Qbw5jHTwwXXcTLoRMkpDJp6VL0XzlWaCHTXrkFURMYmD0sLqg==

ansi-styles@^4.0.0, ansi-styles@^4.1.0:
  version "4.3.0"
  resolved "https://registry.yarnpkg.com/ansi-styles/-/ansi-styles-4.3.0.tgz#edd803628ae71c04c85ae7a0906edad34b648937"
  integrity sha512-zbB9rCJAT1rbjiVDb2hqKFHNYLxgtk8NURxZ3IZwD3F6NtxbXZQCnnSi1Lkx+IDohdPlFp222wVALIheZJQSEg==
  dependencies:
    color-convert "^2.0.1"

argparse@^2.0.1:
  version "2.0.1"
  resolved "https://registry.yarnpkg.com/argparse/-/argparse-2.0.1.tgz#246f50f3ca78a3240f6c997e8a9bd1eac49e4b38"
  integrity sha512-8+9WqebbFzpX9OR+Wa6O29asIogeRMzcGtAINdpMHHyAg10f05aSFVBbcEqGf/PXw1EjAZ+q2/bEBg3DvurK3Q==

astral-regex@^2.0.0:
  version "2.0.0"
  resolved "https://registry.yarnpkg.com/astral-regex/-/astral-regex-2.0.0.tgz#483143c567aeed4785759c0865786dc77d7d2e31"
  integrity sha512-Z7tMw1ytTXt5jqMcOP+OQteU1VuNK9Y02uuJtKQ1Sv69jXQKKg5cibLwGJow8yzZP+eAc18EmLGPal0bp36rvQ==

binaryextensions@^6.11.0:
  version "6.11.0"
  resolved "https://registry.yarnpkg.com/binaryextensions/-/binaryextensions-6.11.0.tgz#c36b3e6b5c59e621605709b099cda8dda824cc72"
  integrity sha512-sXnYK/Ij80TO3lcqZVV2YgfKN5QjUWIRk/XSm2J/4bd/lPko3lvk0O4ZppH6m+6hB2/GTu+ptNwVFe1xh+QLQw==
  dependencies:
    editions "^6.21.0"

boundary@^2.0.0:
  version "2.0.0"
  resolved "https://registry.yarnpkg.com/boundary/-/boundary-2.0.0.tgz#169c8b1f0d44cf2c25938967a328f37e0a4e5efc"
  integrity sha512-rJKn5ooC9u8q13IMCrW0RSp31pxBCHE3y9V/tp3TdWSLf8Em3p6Di4NBpfzbJge9YjjFEsD0RtFEjtvHL5VyEA==

chalk@^4.1.2:
  version "4.1.2"
  resolved "https://registry.yarnpkg.com/chalk/-/chalk-4.1.2.tgz#aac4e2b7734a740867aeb16bf02aad556a1e7a01"
  integrity sha512-oKnbhFyRIXpUuez8iBMmyEa4nbj4IOQyuhc/wy9kY7/WVPcwIO9VA668Pu8RkO7+0G76SLROeyw9CpQ061i4mA==
  dependencies:
    ansi-styles "^4.1.0"
    supports-color "^7.1.0"

chalk@^5.6.2:
  version "5.6.2"
  resolved "https://registry.yarnpkg.com/chalk/-/chalk-5.6.2.tgz#b1238b6e23ea337af71c7f8a295db5af0c158aea"
  integrity sha512-7NzBL0rN6fMUW+f7A6Io4h40qQlG+xGmtMxfbnH/K7TAtt8JQWVQK+6g0UXKMeVJoyV5EkkNsErQ8pVD3bLHbA==

color-convert@^2.0.1:
  version "2.0.1"
  resolved "https://registry.yarnpkg.com/color-convert/-/color-convert-2.0.1.tgz#72d3a68d598c9bdb3af2ad1e84f21d896abd4de3"
  integrity sha512-RRECPsj7iu/xb5oKYcsFHSppFNnsj/52OVTRKb4zP5onXwVF3zVmmToNcOfGC+CRDpfK/U584fMg38ZHCaElKQ==
  dependencies:
    color-name "~1.1.4"

color-name@~1.1.4:
  version "1.1.4"
  resolved "https://registry.yarnpkg.com/color-name/-/color-name-1.1.4.tgz#c2a09a87acbde69543de6f63fa3995c826c536a2"
  integrity sha512-dOy+3AuW3a2wNbZHIuMZpTcgjGuLU/uBL/ubcZF9OXbDo8ff4O8yVp5Bf0efS8uEoYo5q4Fx7dY9OgQGXgAsQA==

debug@^4.4.3:
  version "4.4.3"
  resolved "https://registry.yarnpkg.com/debug/-/debug-4.4.3.tgz#c6ae432d9bd9662582fce08709b038c58e9e3d6a"
  integrity sha512-RGwwWnwQvkVfavKVt22FGLw+xYSdzARwm0ru6DhTVA3umU5hZc28V3kO4stgYryrTlLpuvgI9GiijltAjNbcqA==
  dependencies:
    ms "^2.1.3"

editions@^6.21.0:
  version "6.22.0"
  resolved "https://registry.yarnpkg.com/editions/-/editions-6.22.0.tgz#3913c4eea9aa4586e17bcd25d64d5edf1790657a"
  integrity sha512-UgGlf8IW75je7HZjNDpJdCv4cGJWIi6yumFdZ0R7A8/CIhQiWUjyGLCxdHpd8bmyD1gnkfUNK0oeOXqUS2cpfQ==
  dependencies:
    version-range "^4.15.0"

emoji-regex@^8.0.0:
  version "8.0.0"
  resolved "https://registry.yarnpkg.com/emoji-regex/-/emoji-regex-8.0.0.tgz#e818fd69ce5ccfcb404594f842963bf53164cc37"
  integrity sha512-MSjYzcWNOA0ewAHpz0MxpYFvwg6yjy1NG3xteoqz644VCo/RPgnr1/GGt+ic3iJTzQ8Eu3TdM14SawnVUmGE6A==

environment@^1.0.0:
  version "1.1.0"
  resolved "https://registry.yarnpkg.com/environment/-/environment-1.1.0.tgz#8e86c66b180f363c7ab311787e0259665f45a9f1"
  integrity sha512-xUtoPkMggbz0MPyPiIWr1Kp4aeWJjDZ6SMvURhimjdZgsRuDplF5/s9hcgGhyXMhs+6vpnuoiZ2kFiu3FMnS8Q==

fast-deep-equal@^3.1.3:
  version "3.1.3"
  resolved "https://registry.yarnpkg.com/fast-deep-equal/-/fast-deep-equal-3.1.3.tgz#3a7d56b559d6cbc3eb512325244e619a65c6c525"
  integrity sha512-f3qQ9oQy9j2AhBe/H9VC91wLmKBCCU/gDOnKNAYG5hswO7BLKj09Hc5HYNz9cGI++xlpDCIgDaitVs03ATR84Q==

fast-uri@^3.0.1:
  version "3.1.4"
  resolved "https://registry.yarnpkg.com/fast-uri/-/fast-uri-3.1.4.tgz#3b3daf9ce68f41f956df0b505132c0cfce9ec7af"
  integrity sha512-8JnbkQ4juDyvYs4mgFGQqg4yCYtFDtUtmp2QIQq11ZZe5CFQ5wcqm1rqDgAh/QdMySuBnPzMUiJUNZG5N/AiQw==

has-flag@^4.0.0:
  version "4.0.0"
  resolved "https://registry.yarnpkg.com/has-flag/-/has-flag-4.0.0.tgz#944771fd9c81c81265c4d6941860da06bb59479b"
  integrity sha512-EykJT/Q1KjTWctppgIAgfSO0tKVuZUjhgMr17kqTumMl6Afv3EISleU7qZUzoXDFTAHTDC4NOoG/ZxU3EvlMPQ==

has-flag@^5.0.1:
  version "5.0.1"
  resolved "https://registry.yarnpkg.com/has-flag/-/has-flag-5.0.1.tgz#5483db2ae02a472d1d0691462fc587d1843cd940"
  integrity sha512-CsNUt5x9LUdx6hnk/E2SZLsDyvfqANZSUq4+D3D8RzDJ2M+HDTIkF60ibS1vHaK55vzgiZw1bEPFG9yH7l33wA==

hosted-git-info@^9.0.0:
  version "9.0.2"
  resolved "https://registry.yarnpkg.com/hosted-git-info/-/hosted-git-info-9.0.2.tgz#b38c8a802b274e275eeeccf9f4a1b1a0a8557ada"
  integrity sha512-M422h7o/BR3rmCQ8UHi7cyyMqKltdP9Uo+J2fXK+RSAY+wTcKOIRyhTuKv4qn+DJf3g+PL890AzId5KZpX+CBg==
  dependencies:
    lru-cache "^11.1.0"

ignore@^7.0.6:
  version "7.0.6"
  resolved "https://registry.yarnpkg.com/ignore/-/ignore-7.0.6.tgz#6a57aaef4c90df27ac3590875d29e8f11988c88e"
  integrity sha512-BAg6QkE8W+TuQLrrw0Ugr7HegXduRuuj8/ti2kSOc+jz1dmx8/WNcjr6XGnq5YpDWxFwwaavqD0+jIUOKelTsw==

index-to-position@^1.1.0:
  version "1.2.0"
  resolved "https://registry.yarnpkg.com/index-to-position/-/index-to-position-1.2.0.tgz#c800eb34dacf4dbf96b9b06c7eb78d5f704138b4"
  integrity sha512-Yg7+ztRkqslMAS2iFaU+Oa4KTSidr63OsFGlOrJoW981kIYO3CGCS3wA95P1mUi/IVSJkn0D479KTJpVpvFNuw==

is-fullwidth-code-point@^3.0.0:
  version "3.0.0"
  resolved "https://registry.yarnpkg.com/is-fullwidth-code-point/-/is-fullwidth-code-point-3.0.0.tgz#f116f8064fe90b3f7844a38997c0b75051269f1d"
  integrity sha512-zymm5+u+sCsSWyD9qNaejV3DFvhCKclKdizYaJUuHA83RLjb7nSuGnddCHGv0hk+KY7BMAlsWeK4Ueg6EV6XQg==

istextorbinary@^9.5.0:
  version "9.5.0"
  resolved "https://registry.yarnpkg.com/istextorbinary/-/istextorbinary-9.5.0.tgz#e6e13febf1c1685100ae264809a4f8f46e01dfd3"
  integrity sha512-5mbUj3SiZXCuRf9fT3ibzbSSEWiy63gFfksmGfdOzujPjW3k+z8WvIBxcJHBoQNlaZaiyB25deviif2+osLmLw==
  dependencies:
    binaryextensions "^6.11.0"
    editions "^6.21.0"
    textextensions "^6.11.0"

js-tokens@^4.0.0:
  version "4.0.0"
  resolved "https://registry.yarnpkg.com/js-tokens/-/js-tokens-4.0.0.tgz#19203fb59991df98e3a287050d4647cdeaf32499"
  integrity sha512-RdJUflcE3cUzKiMqQgsCu06FPu9UdIJO0beYbPhHN4k6apgJtifcoCtT9bcxOpYBtpD2kCM6Sbzg4CausW/PKQ==

js-yaml@^4.1.1:
  version "4.3.0"
  resolved "https://registry.yarnpkg.com/js-yaml/-/js-yaml-4.3.0.tgz#d1900572a7f7cf0b5f540c83673e60bad3436592"
  integrity sha512-1td788aAnnZ5qs7V2QIRl1owjtYpbKt749Y3xauqQgwIIGF/xXWz1wMTEBx5O3LK3lXLVuqXPdPxj2BoFHaW9Q==
  dependencies:
    argparse "^2.0.1"

json-schema-traverse@^1.0.0:
  version "1.0.0"
  resolved "https://registry.yarnpkg.com/json-schema-traverse/-/json-schema-traverse-1.0.0.tgz#ae7bcb3656ab77a73ba5c49bf654f38e6b6860e2"
  integrity sha512-NM8/P9n3XjXhIZn1lLhkFaACTOURQXjWhV4BA/RnOv8xvgqtqpAX9IO4mRQxSx1Rlo4tqzeqb0sOlruaOy3dug==

json5@^2.2.3:
  version "2.2.3"
  resolved "https://registry.yarnpkg.com/json5/-/json5-2.2.3.tgz#78cd6f1a19bdc12b73db5ad0c61efd66c1e29283"
  integrity sha512-XmOWe7eyHYH14cLdVPoyg+GOH3rYX++KpzrylJwSW98t3Nk+U8XOl8FWKOgwtzdb8lXGf6zYwDUzeHMWfxasyg==

lodash.truncate@^4.4.2:
  version "4.4.2"
  resolved "https://registry.yarnpkg.com/lodash.truncate/-/lodash.truncate-4.4.2.tgz#5a350da0b1113b837ecfffd5812cbe58d6eae193"
  integrity sha512-jttmRe7bRse52OsWIMDLaXxWqRAmtIUccAQ3garviCqJjafXOfNMO0yMfNpdD6zbGaTU0P5Nz7e7gAT6cKmJRw==

lodash@^4.18.1:
  version "4.18.1"
  resolved "https://registry.yarnpkg.com/lodash/-/lodash-4.18.1.tgz#ff2b66c1f6326d59513de2407bf881439812771c"
  integrity sha512-dMInicTPVE8d1e5otfwmmjlxkZoUpiVLwyeTdUsi/Caj/gfzzblBcCE5sRHV/AsjuCmxWrte2TNGSYuCeCq+0Q==

lru-cache@^11.1.0:
  version "11.3.5"
  resolved "https://registry.yarnpkg.com/lru-cache/-/lru-cache-11.3.5.tgz#29047d348c0b2793e3112a01c739bb7c6d855637"
  integrity sha512-NxVFwLAnrd9i7KUBxC4DrUhmgjzOs+1Qm50D3oF1/oL+r1NpZ4gA7xvG0/zJ8evR7zIKn4vLf7qTNduWFtCrRw==

ms@^2.1.3:
  version "2.1.3"
  resolved "https://registry.yarnpkg.com/ms/-/ms-2.1.3.tgz#574c8138ce1d2b5861f0b44579dbadd60c6615b2"
  integrity sha512-6FlzubTLZG3J2a/NVCAleEhjzq5oxgHyaCU9yYXvcLsvoVaHJq/s5xXI6/XXP6tz7R9xAOtHnSO/tXtF3WRTlA==

normalize-package-data@^8.0.0:
  version "8.0.0"
  resolved "https://registry.yarnpkg.com/normalize-package-data/-/normalize-package-data-8.0.0.tgz#bdce7ff2d6ba891b853e179e45a5337766e304a7"
  integrity sha512-RWk+PI433eESQ7ounYxIp67CYuVsS1uYSonX3kA6ps/3LWfjVQa/ptEg6Y3T6uAMq1mWpX9PQ+qx+QaHpsc7gQ==
  dependencies:
    hosted-git-info "^9.0.0"
    semver "^7.3.5"
    validate-npm-package-license "^3.0.4"

p-map@^7.0.5:
  version "7.0.6"
  resolved "https://registry.yarnpkg.com/p-map/-/p-map-7.0.6.tgz#5b6ee7f1a775faa48599c8d4420f6a39833cd387"
  integrity sha512-I4Prw6ivkd6p8PiYR1tXASOAOBzIJwu0TB7fqaX0c/8c3QAehNYmX57EijyGGGBt3c/BIowGwV03RVBtXvHEVg==

parse-json@^8.3.0:
  version "8.3.0"
  resolved "https://registry.yarnpkg.com/parse-json/-/parse-json-8.3.0.tgz#88a195a2157025139a2317a4f2f9252b61304ed5"
  integrity sha512-ybiGyvspI+fAoRQbIPRddCcSTV9/LsJbf0e/S85VLowVGzRmokfneg2kwVW/KU5rOXrPSbF1qAKPMgNTqqROQQ==
  dependencies:
    "@babel/code-frame" "^7.26.2"
    index-to-position "^1.1.0"
    type-fest "^4.39.1"

picocolors@^1.1.1:
  version "1.1.1"
  resolved "https://registry.yarnpkg.com/picocolors/-/picocolors-1.1.1.tgz#3d321af3eab939b083c8f929a1d12cda81c26b6b"
  integrity sha512-xceH2snhtb5M9liqDsmEw56le376mTZkEX/jEb/RxNFyegNul7eNslCXP9FDj/Lcu0X8KEyMceP2ntpaHrDEVA==

picomatch@^4.0.5:
  version "4.0.5"
  resolved "https://registry.yarnpkg.com/picomatch/-/picomatch-4.0.5.tgz#51ea57a17d86f605f81039595fbc40ed06a55fab"
  integrity sha512-RvwwcruNjI1ncT5xRakeyS9Lf8lcItv34KD+aif+VH9kduAyfYBipGh12274xtenIPZ119/R9BdTBa8gAwSh0A==

pluralize@^2.0.0:
  version "2.0.0"
  resolved "https://registry.yarnpkg.com/pluralize/-/pluralize-2.0.0.tgz#72b726aa6fac1edeee42256c7d8dc256b335677f"
  integrity sha512-TqNZzQCD4S42De9IfnnBvILN7HAW7riLqsCyp8lgjXeysyPlX5HhqKAcJHHHb9XskE4/a+7VGC9zzx8Ls0jOAw==

pluralize@^8.0.0:
  version "8.0.0"
  resolved "https://registry.yarnpkg.com/pluralize/-/pluralize-8.0.0.tgz#1a6fa16a38d12a1901e0320fa017051c539ce3b1"
  integrity sha512-Nc3IT5yHzflTfbjgqWcCPpo7DaKy4FnpB0l/zCAW0Tc7jxAiuqSxHasntB3D7887LSrA93kDJ9IXovxJYxyLCA==

rc-config-loader@^4.1.4:
  version "4.1.4"
  resolved "https://registry.yarnpkg.com/rc-config-loader/-/rc-config-loader-4.1.4.tgz#6cc79042ac193ebed9f082fcba7b823d9dc143cc"
  integrity sha512-3GiwEzklkbXTDp52UR5nT8iXgYAx1V9ZG/kDZT7p60u2GCv2XTwQq4NzinMoMpNtXhmt3WkhYXcj6HH8HdwCEQ==
  dependencies:
    debug "^4.4.3"
    js-yaml "^4.1.1"
    json5 "^2.2.3"
    require-from-string "^2.0.2"

read-pkg@^10.1.0:
  version "10.1.0"
  resolved "https://registry.yarnpkg.com/read-pkg/-/read-pkg-10.1.0.tgz#eff31c7e505a4995a85c5af017b3dc413745431c"
  integrity sha512-I8g2lArQiP78ll51UeMZojewtYgIRCKCWqZEgOO8c/uefTI+XDXvCSXu3+YNUaTNvZzobrL5+SqHjBrByRRTdg==
  dependencies:
    "@types/normalize-package-data" "^2.4.4"
    normalize-package-data "^8.0.0"
    parse-json "^8.3.0"
    type-fest "^5.4.4"
    unicorn-magic "^0.4.0"

require-from-string@^2.0.2:
  version "2.0.2"
  resolved "https://registry.yarnpkg.com/require-from-string/-/require-from-string-2.0.2.tgz#89a7fdd938261267318eafe14f9c32e598c36909"
  integrity sha512-Xf0nWe6RseziFMu+Ap9biiUbmplq6S9/p+7w7YXP/JBHhrUDDUhwa+vANyubuqfZWTveU//DYVGsDG7RKL/vEw==

secretlint@^13.0.4:
  version "13.0.4"
  resolved "https://registry.yarnpkg.com/secretlint/-/secretlint-13.0.4.tgz#f59c7e415ddfa921b95c30b215c54ce48c1ec91e"
  integrity sha512-OhNXAkLN/OAWWByVS/QcIzTwc/NkUJxzvVKvp5N8iAYNny7YdV/M321vfh8wh41tAB0UthYfahMRSPOfBXtbqg==
  dependencies:
    "@secretlint/config-creator" "13.0.4"
    "@secretlint/formatter" "13.0.4"
    "@secretlint/node" "13.0.4"
    "@secretlint/profiler" "13.0.4"
    "@secretlint/resolver" "13.0.4"
    "@secretlint/walker" "13.0.4"
    debug "^4.4.3"
    read-pkg "^10.1.0"

semver@^7.3.5:
  version "7.7.3"
  resolved "https://registry.yarnpkg.com/semver/-/semver-7.7.3.tgz#4b5f4143d007633a8dc671cd0a6ef9147b8bb946"
  integrity sha512-SdsKMrI9TdgjdweUSR9MweHA4EJ8YxHn8DFaDisvhVlUOe4BF1tLD7GAj0lIqWVl+dPb/rExr0Btby5loQm20Q==

slice-ansi@^4.0.0:
  version "4.0.0"
  resolved "https://registry.yarnpkg.com/slice-ansi/-/slice-ansi-4.0.0.tgz#500e8dd0fd55b05815086255b3195adf2a45fe6b"
  integrity sha512-qMCMfhY040cVHT43K9BFygqYbUPFZKHOg7K73mtTWJRb8pyP3fzf4Ixd5SzdEJQ6MRUg/WBnOLxghZtKKurENQ==
  dependencies:
    ansi-styles "^4.0.0"
    astral-regex "^2.0.0"
    is-fullwidth-code-point "^3.0.0"

spdx-correct@^3.0.0:
  version "3.2.0"
  resolved "https://registry.yarnpkg.com/spdx-correct/-/spdx-correct-3.2.0.tgz#4f5ab0668f0059e34f9c00dce331784a12de4e9c"
  integrity sha512-kN9dJbvnySHULIluDHy32WHRUu3Og7B9sbY7tsFLctQkIqnMh3hErYgdMjTYuqmcXX+lK5T1lnUt3G7zNswmZA==
  dependencies:
    spdx-expression-parse "^3.0.0"
    spdx-license-ids "^3.0.0"

spdx-exceptions@^2.1.0:
  version "2.5.0"
  resolved "https://registry.yarnpkg.com/spdx-exceptions/-/spdx-exceptions-2.5.0.tgz#5d607d27fc806f66d7b64a766650fa890f04ed66"
  integrity sha512-PiU42r+xO4UbUS1buo3LPJkjlO7430Xn5SVAhdpzzsPHsjbYVflnnFdATgabnLude+Cqu25p6N+g2lw/PFsa4w==

spdx-expression-parse@^3.0.0:
  version "3.0.1"
  resolved "https://registry.yarnpkg.com/spdx-expression-parse/-/spdx-expression-parse-3.0.1.tgz#cf70f50482eefdc98e3ce0a6833e4a53ceeba679"
  integrity sha512-cbqHunsQWnJNE6KhVSMsMeH5H/L9EpymbzqTQ3uLwNCLZ1Q481oWaofqH7nO6V07xlXwY6PhQdQ2IedWx/ZK4Q==
  dependencies:
    spdx-exceptions "^2.1.0"
    spdx-license-ids "^3.0.0"

spdx-license-ids@^3.0.0:
  version "3.0.22"
  resolved "https://registry.yarnpkg.com/spdx-license-ids/-/spdx-license-ids-3.0.22.tgz#abf5a08a6f5d7279559b669f47f0a43e8f3464ef"
  integrity sha512-4PRT4nh1EImPbt2jASOKHX7PB7I+e4IWNLvkKFDxNhJlfjbYlleYQh285Z/3mPTHSAK/AvdMmw5BNNuYH8ShgQ==

string-width@^4.2.3:
  version "4.2.3"
  resolved "https://registry.yarnpkg.com/string-width/-/string-width-4.2.3.tgz#269c7117d27b05ad2e536830a8ec895ef9c6d010"
  integrity sha512-wKyQRQpjJ0sIp62ErSZdGsjMJWsap5oRNihHhu6G7JVO/9jIB6UyevL+tXuOqrng8j/cxKTWyWUwvSTriiZz/g==
  dependencies:
    emoji-regex "^8.0.0"
    is-fullwidth-code-point "^3.0.0"
    strip-ansi "^6.0.1"

strip-ansi@^6.0.1:
  version "6.0.1"
  resolved "https://registry.yarnpkg.com/strip-ansi/-/strip-ansi-6.0.1.tgz#9e26c63d30f53443e9489495b2105d37b67a85d9"
  integrity sha512-Y38VPSHcqkFrCpFnQ9vuSXmquuv5oXOKpGeT6aGrr3o3Gc9AlVa6JBfUSOCnbxGGZF+/0ooI7KrPuUSztUdU5A==
  dependencies:
    ansi-regex "^5.0.1"

strip-ansi@^7.2.0:
  version "7.2.0"
  resolved "https://registry.yarnpkg.com/strip-ansi/-/strip-ansi-7.2.0.tgz#d22a269522836a627af8d04b5c3fd2c7fa3e32e3"
  integrity sha512-yDPMNjp4WyfYBkHnjIRLfca1i6KMyGCtsVgoKe/z1+6vukgaENdgGBZt+ZmKPc4gavvEZ5OgHfHdrazhgNyG7w==
  dependencies:
    ansi-regex "^6.2.2"

structured-source@^4.0.0:
  version "4.0.0"
  resolved "https://registry.yarnpkg.com/structured-source/-/structured-source-4.0.0.tgz#0c9e59ee43dedd8fc60a63731f60e358102a4948"
  integrity sha512-qGzRFNJDjFieQkl/sVOI2dUjHKRyL9dAJi2gCPGJLbJHBIkyOHxjuocpIEfbLioX+qSJpvbYdT49/YCdMznKxA==
  dependencies:
    boundary "^2.0.0"

supports-color@^10.2.2:
  version "10.2.2"
  resolved "https://registry.yarnpkg.com/supports-color/-/supports-color-10.2.2.tgz#466c2978cc5cd0052d542a0b576461c2b802ebb4"
  integrity sha512-SS+jx45GF1QjgEXQx4NJZV9ImqmO2NPz5FNsIHrsDjh2YsHnawpan7SNQ1o8NuhrbHZy9AZhIoCUiCeaW/C80g==

supports-color@^7.1.0:
  version "7.2.0"
  resolved "https://registry.yarnpkg.com/supports-color/-/supports-color-7.2.0.tgz#1b7dcdcb32b8138801b3e478ba6a51caa89648da"
  integrity sha512-qpCAvRl9stuOHveKsn7HncJRvv501qIacKzQlO/+Lwxc9+0q2wLyv4Dfvt80/DPn2pqOBsJdDiogXGR9+OvwRw==
  dependencies:
    has-flag "^4.0.0"

supports-hyperlinks@^4.1.0:
  version "4.4.0"
  resolved "https://registry.yarnpkg.com/supports-hyperlinks/-/supports-hyperlinks-4.4.0.tgz#b25ed8e5ef67388d1ce1e83029c07df19d36b870"
  integrity sha512-UKbpT93hN5Nr9go5UY7bopIB9YQlMz9nm/ct4IXt/irb5YRkn9WaqrOBJGZ5Pwvsd5FQzSVeYlGdXoCAPQZrPg==
  dependencies:
    has-flag "^5.0.1"
    supports-color "^10.2.2"

table@^6.9.0:
  version "6.9.0"
  resolved "https://registry.yarnpkg.com/table/-/table-6.9.0.tgz#50040afa6264141c7566b3b81d4d82c47a8668f5"
  integrity sha512-9kY+CygyYM6j02t5YFHbNz2FN5QmYGv9zAjVp4lCDjlCw7amdckXlEt/bjMhUIfj4ThGRE4gCUH5+yGnNuPo5A==
  dependencies:
    ajv "^8.0.1"
    lodash.truncate "^4.4.2"
    slice-ansi "^4.0.0"
    string-width "^4.2.3"
    strip-ansi "^6.0.1"

tagged-tag@^1.0.0:
  version "1.0.0"
  resolved "https://registry.yarnpkg.com/tagged-tag/-/tagged-tag-1.0.0.tgz#a0b5917c2864cba54841495abfa3f6b13edcf4d6"
  integrity sha512-yEFYrVhod+hdNyx7g5Bnkkb0G6si8HJurOoOEgC8B/O0uXLHlaey/65KRv6cuWBNhBgHKAROVpc7QyYqE5gFng==

terminal-link@^5.0.0:
  version "5.0.0"
  resolved "https://registry.yarnpkg.com/terminal-link/-/terminal-link-5.0.0.tgz#f0447c8940418ab49b9b9bbc47a4ad2fa8ba81e7"
  integrity sha512-qFAy10MTMwjzjU8U16YS4YoZD+NQLHzLssFMNqgravjbvIPNiqkGFR4yjhJfmY9R5OFU7+yHxc6y+uGHkKwLRA==
  dependencies:
    ansi-escapes "^7.0.0"
    supports-hyperlinks "^4.1.0"

text-table@^0.2.0:
  version "0.2.0"
  resolved "https://registry.yarnpkg.com/text-table/-/text-table-0.2.0.tgz#7f5ee823ae805207c00af2df4a84ec3fcfa570b4"
  integrity sha512-N+8UisAXDGk8PFXP4HAzVR9nbfmVJ3zYLAWiTIoqC5v5isinhr+r5uaO8+7r3BMfuNIufIsA7RdpVgacC2cSpw==

textextensions@^6.11.0:
  version "6.11.0"
  resolved "https://registry.yarnpkg.com/textextensions/-/textextensions-6.11.0.tgz#864535d09f49026150c96f0b0d79f1fa0869db15"
  integrity sha512-tXJwSr9355kFJI3lbCkPpUH5cP8/M0GGy2xLO34aZCjMXBaK3SoPnZwr/oWmo1FdCnELcs4npdCIOFtq9W3ruQ==
  dependencies:
    editions "^6.21.0"

type-fest@^4.39.1:
  version "4.41.0"
  resolved "https://registry.yarnpkg.com/type-fest/-/type-fest-4.41.0.tgz#6ae1c8e5731273c2bf1f58ad39cbae2c91a46c58"
  integrity sha512-TeTSQ6H5YHvpqVwBRcnLDCBnDOHWYu7IvGbHT6N8AOymcr9PJGjc1GTtiWZTYg0NCgYwvnYWEkVChQAr9bjfwA==

type-fest@^5.4.4:
  version "5.6.0"
  resolved "https://registry.yarnpkg.com/type-fest/-/type-fest-5.6.0.tgz#502f7a003b7309e96a7e17052cc2ab2c7e5c7a31"
  integrity sha512-8ZiHFm91orbSAe2PSAiSVBVko18pbhbiB3U9GglSzF/zCGkR+rxpHx6sEMCUm4kxY4LjDIUGgCfUMtwfZfjfUA==
  dependencies:
    tagged-tag "^1.0.0"

unicorn-magic@^0.4.0:
  version "0.4.0"
  resolved "https://registry.yarnpkg.com/unicorn-magic/-/unicorn-magic-0.4.0.tgz#78c6a090fd6d07abd2468b83b385603e00dfdb24"
  integrity sha512-wH590V9VNgYH9g3lH9wWjTrUoKsjLF6sGLjhR4sH1LWpLmCOH0Zf7PukhDA8BiS7KHe4oPNkcTHqYkj7SOGUOw==

validate-npm-package-license@^3.0.4:
  version "3.0.4"
  resolved "https://registry.yarnpkg.com/validate-npm-package-license/-/validate-npm-package-license-3.0.4.tgz#fc91f6b9c7ba15c857f4cb2c5defeec39d4f410a"
  integrity sha512-DpKm2Ui/xN7/HQKCtpZxoRWBhZ9Z0kqtygG8XCgNQ8ZlDnxuQmWhj566j8fN4Cu3/JmbhsDo7fcAJq4s9h27Ew==
  dependencies:
    spdx-correct "^3.0.0"
    spdx-expression-parse "^3.0.0"

version-range@^4.15.0:
  version "4.15.0"
  resolved "https://registry.yarnpkg.com/version-range/-/version-range-4.15.0.tgz#89df1e921b14d37515aab5e42ed4ac0515cab2c1"
  integrity sha512-Ck0EJbAGxHwprkzFO966t4/5QkRuzh+/I1RxhLgUKKwEn+Cd8NwM60mE3AqBZg5gYODoXW0EFsQvbZjRlvdqbg==
